
Microsoft Visual Studio Solution File, Format Version 12.00
# Visual Studio 15
VisualStudioVersion = 15.0.27130.2020
MinimumVisualStudioVersion = 10.0.40219.1
Project("{FAE04EC0-301F-11D3-BF4B-00C04F79EFBC}") = "iBot2", "iBot2\iBot2.csproj", "{457567C6-CE6D-4516-8DBF-F163854FAF56}"
EndProject
Global
	GlobalSection(SolutionConfigurationPlatforms) = preSolution
		Debug|Any CPU = Debug|Any CPU
		Release|Any CPU = Release|Any CPU
	EndGlobalSection
	GlobalSection(ProjectConfigurationPlatforms) = postSolution
		{457567C6-CE6D-4516-8DBF-F163854FAF56}.Debug|Any CPU.ActiveCfg = Debug|Any CPU
		{457567C6-CE6D-4516-8DBF-F163854FAF56}.Debug|Any CPU.Build.0 = Debug|Any CPU
		{457567C6-CE6D-4516-8DBF-F163854FAF56}.Release|Any CPU.ActiveCfg = Release|Any CPU
		{457567C6-CE6D-4516-8DBF-F163854FAF56}.Release|Any CPU.Build.0 = Release|Any CPU
	EndGlobalSection
	GlobalSection(SolutionProperties) = preSolution
		HideSolutionNode = FALSE
	EndGlobalSection
	GlobalSection(ExtensibilityGlobals) = postSolution
		SolutionGuid = {A2B4FBB4-57EF-410D-B1C3-C484167E99C6}
	EndGlobalSection
EndGlobal
